
Microsoft Visual Studio Solution File, Format Version 12.00
# Visual Studio Version 17
VisualStudioVersion = 17.9.34728.123
MinimumVisualStudioVersion = 10.0.40219.1
Project("{FAE04EC0-301F-11D3-BF4B-00C04F79EFBC}") = "Git", "Git\Git.csproj", "{F25E9E7A-CB6F-406F-95B0-A8DABE2332C5}"
EndProject
Global
	GlobalSection(SolutionConfigurationPlatforms) = preSolution
		Debug|Any CPU = Debug|Any CPU
		Release|Any CPU = Release|Any CPU
	EndGlobalSection
	GlobalSection(ProjectConfigurationPlatforms) = postSolution
		{F25E9E7A-CB6F-406F-95B0-A8DABE2332C5}.Debug|Any CPU.ActiveCfg = Debug|Any CPU
		{F25E9E7A-CB6F-406F-95B0-A8DABE2332C5}.Debug|Any CPU.Build.0 = Debug|Any CPU
		{F25E9E7A-CB6F-406F-95B0-A8DABE2332C5}.Release|Any CPU.ActiveCfg = Release|Any CPU
		{F25E9E7A-CB6F-406F-95B0-A8DABE2332C5}.Release|Any CPU.Build.0 = Release|Any CPU
	EndGlobalSection
	GlobalSection(SolutionProperties) = preSolution
		HideSolutionNode = FALSE
	EndGlobalSection
	GlobalSection(ExtensibilityGlobals) = postSolution
		SolutionGuid = {0B75D219-77E5-40DF-969C-27795C9E5A88}
	EndGlobalSection
EndGlobal
